
Microsoft Visual Studio Solution File, Format Version 12.00
# Visual Studio Version 17
VisualStudioVersion = 17.14.36603.0 d17.14
MinimumVisualStudioVersion = 10.0.40219.1
Project("{FAE04EC0-301F-11D3-BF4B-00C04F79EFBC}") = "ProductApi", "ProductApi\ProductApi.csproj", "{4D4EAE19-736C-4CCB-A719-A41885FD1AE4}"
EndProject
Global
	GlobalSection(SolutionConfigurationPlatforms) = preSolution
		Debug|Any CPU = Debug|Any CPU
		Release|Any CPU = Release|Any CPU
	EndGlobalSection
	GlobalSection(ProjectConfigurationPlatforms) = postSolution
		{4D4EAE19-736C-4CCB-A719-A41885FD1AE4}.Debug|Any CPU.ActiveCfg = Debug|Any CPU
		{4D4EAE19-736C-4CCB-A719-A41885FD1AE4}.Debug|Any CPU.Build.0 = Debug|Any CPU
		{4D4EAE19-736C-4CCB-A719-A41885FD1AE4}.Release|Any CPU.ActiveCfg = Release|Any CPU
		{4D4EAE19-736C-4CCB-A719-A41885FD1AE4}.Release|Any CPU.Build.0 = Release|Any CPU
	EndGlobalSection
	GlobalSection(SolutionProperties) = preSolution
		HideSolutionNode = FALSE
	EndGlobalSection
	GlobalSection(ExtensibilityGlobals) = postSolution
		SolutionGuid = {397FCD16-5F11-4127-AB22-60305E3FEABA}
	EndGlobalSection
EndGlobal
